
Microsoft Visual Studio Solution File, Format Version 12.00
# Visual Studio Version 16
VisualStudioVersion = 16.0.33130.400
MinimumVisualStudioVersion = 10.0.40219.1
Project("{FAE04EC0-301F-11D3-BF4B-00C04F79EFBC}") = "3BFS_connectedness", "3BFS_connectedness.csproj", "{F71464A2-0B6C-4EBF-83C3-B3E1BE8F6C3D}"
EndProject
Global
	GlobalSection(SolutionConfigurationPlatforms) = preSolution
		Debug|Any CPU = Debug|Any CPU
		Release|Any CPU = Release|Any CPU
	EndGlobalSection
	GlobalSection(ProjectConfigurationPlatforms) = postSolution
		{F71464A2-0B6C-4EBF-83C3-B3E1BE8F6C3D}.Debug|Any CPU.ActiveCfg = Debug|Any CPU
		{F71464A2-0B6C-4EBF-83C3-B3E1BE8F6C3D}.Debug|Any CPU.Build.0 = Debug|Any CPU
		{F71464A2-0B6C-4EBF-83C3-B3E1BE8F6C3D}.Release|Any CPU.ActiveCfg = Release|Any CPU
		{F71464A2-0B6C-4EBF-83C3-B3E1BE8F6C3D}.Release|Any CPU.Build.0 = Release|Any CPU
	EndGlobalSection
	GlobalSection(SolutionProperties) = preSolution
		HideSolutionNode = FALSE
	EndGlobalSection
	GlobalSection(ExtensibilityGlobals) = postSolution
		SolutionGuid = {BA91F8A4-E035-4953-9A69-7DC66315DCB9}
	EndGlobalSection
EndGlobal
