
Microsoft Visual Studio Solution File, Format Version 12.00
# Visual Studio Version 16
VisualStudioVersion = 16.0.33328.57
MinimumVisualStudioVersion = 10.0.40219.1
Project("{FAE04EC0-301F-11D3-BF4B-00C04F79EFBC}") = "13BM", "13BM.csproj", "{76E27ADA-936F-4D29-8A13-D39DF7CF666C}"
EndProject
Global
	GlobalSection(SolutionConfigurationPlatforms) = preSolution
		Debug|Any CPU = Debug|Any CPU
		Release|Any CPU = Release|Any CPU
	EndGlobalSection
	GlobalSection(ProjectConfigurationPlatforms) = postSolution
		{76E27ADA-936F-4D29-8A13-D39DF7CF666C}.Debug|Any CPU.ActiveCfg = Debug|Any CPU
		{76E27ADA-936F-4D29-8A13-D39DF7CF666C}.Debug|Any CPU.Build.0 = Debug|Any CPU
		{76E27ADA-936F-4D29-8A13-D39DF7CF666C}.Release|Any CPU.ActiveCfg = Release|Any CPU
		{76E27ADA-936F-4D29-8A13-D39DF7CF666C}.Release|Any CPU.Build.0 = Release|Any CPU
	EndGlobalSection
	GlobalSection(SolutionProperties) = preSolution
		HideSolutionNode = FALSE
	EndGlobalSection
	GlobalSection(ExtensibilityGlobals) = postSolution
		SolutionGuid = {84C0C4B8-3FC7-497B-A365-0D2C9B6CC6A1}
	EndGlobalSection
EndGlobal
