
Microsoft Visual Studio Solution File, Format Version 12.00
# Visual Studio Version 16
VisualStudioVersion = 16.0.33328.57
MinimumVisualStudioVersion = 10.0.40219.1
Project("{FAE04EC0-301F-11D3-BF4B-00C04F79EFBC}") = "16Backpack", "16Backpack.csproj", "{FF19B29F-9286-4C51-A77C-5109CE9F4567}"
EndProject
Global
	GlobalSection(SolutionConfigurationPlatforms) = preSolution
		Debug|Any CPU = Debug|Any CPU
		Release|Any CPU = Release|Any CPU
	EndGlobalSection
	GlobalSection(ProjectConfigurationPlatforms) = postSolution
		{FF19B29F-9286-4C51-A77C-5109CE9F4567}.Debug|Any CPU.ActiveCfg = Debug|Any CPU
		{FF19B29F-9286-4C51-A77C-5109CE9F4567}.Debug|Any CPU.Build.0 = Debug|Any CPU
		{FF19B29F-9286-4C51-A77C-5109CE9F4567}.Release|Any CPU.ActiveCfg = Release|Any CPU
		{FF19B29F-9286-4C51-A77C-5109CE9F4567}.Release|Any CPU.Build.0 = Release|Any CPU
	EndGlobalSection
	GlobalSection(SolutionProperties) = preSolution
		HideSolutionNode = FALSE
	EndGlobalSection
	GlobalSection(ExtensibilityGlobals) = postSolution
		SolutionGuid = {468B252E-F00F-448B-86F6-7BE815350638}
	EndGlobalSection
EndGlobal
