
Microsoft Visual Studio Solution File, Format Version 12.00
# Visual Studio Version 16
VisualStudioVersion = 16.0.31624.102
MinimumVisualStudioVersion = 10.0.40219.1
Project("{8BC9CEB8-8B4A-11D0-8D11-00A0C91BC942}") = "lab16", "lab16.vcxproj", "{589261BB-DF5F-4A16-811F-90A1422539A5}"
EndProject
Global
	GlobalSection(SolutionConfigurationPlatforms) = preSolution
		Debug|x64 = Debug|x64
		Debug|x86 = Debug|x86
		Release|x64 = Release|x64
		Release|x86 = Release|x86
	EndGlobalSection
	GlobalSection(ProjectConfigurationPlatforms) = postSolution
		{589261BB-DF5F-4A16-811F-90A1422539A5}.Debug|x64.ActiveCfg = Debug|x64
		{589261BB-DF5F-4A16-811F-90A1422539A5}.Debug|x64.Build.0 = Debug|x64
		{589261BB-DF5F-4A16-811F-90A1422539A5}.Debug|x86.ActiveCfg = Debug|Win32
		{589261BB-DF5F-4A16-811F-90A1422539A5}.Debug|x86.Build.0 = Debug|Win32
		{589261BB-DF5F-4A16-811F-90A1422539A5}.Release|x64.ActiveCfg = Release|x64
		{589261BB-DF5F-4A16-811F-90A1422539A5}.Release|x64.Build.0 = Release|x64
		{589261BB-DF5F-4A16-811F-90A1422539A5}.Release|x86.ActiveCfg = Release|Win32
		{589261BB-DF5F-4A16-811F-90A1422539A5}.Release|x86.Build.0 = Release|Win32
	EndGlobalSection
	GlobalSection(SolutionProperties) = preSolution
		HideSolutionNode = FALSE
	EndGlobalSection
	GlobalSection(ExtensibilityGlobals) = postSolution
		SolutionGuid = {A02FE811-DDB6-47D1-8BA7-DD93CCF7590E}
	EndGlobalSection
EndGlobal
