
Microsoft Visual Studio Solution File, Format Version 12.00
# Visual Studio Version 16
VisualStudioVersion = 16.0.33328.57
MinimumVisualStudioVersion = 10.0.40219.1
Project("{FAE04EC0-301F-11D3-BF4B-00C04F79EFBC}") = "15graphColoring", "15graphColoring.csproj", "{7FA833DF-D56F-4037-9245-5419B23370F0}"
EndProject
Global
	GlobalSection(SolutionConfigurationPlatforms) = preSolution
		Debug|Any CPU = Debug|Any CPU
		Release|Any CPU = Release|Any CPU
	EndGlobalSection
	GlobalSection(ProjectConfigurationPlatforms) = postSolution
		{7FA833DF-D56F-4037-9245-5419B23370F0}.Debug|Any CPU.ActiveCfg = Debug|Any CPU
		{7FA833DF-D56F-4037-9245-5419B23370F0}.Debug|Any CPU.Build.0 = Debug|Any CPU
		{7FA833DF-D56F-4037-9245-5419B23370F0}.Release|Any CPU.ActiveCfg = Release|Any CPU
		{7FA833DF-D56F-4037-9245-5419B23370F0}.Release|Any CPU.Build.0 = Release|Any CPU
	EndGlobalSection
	GlobalSection(SolutionProperties) = preSolution
		HideSolutionNode = FALSE
	EndGlobalSection
	GlobalSection(ExtensibilityGlobals) = postSolution
		SolutionGuid = {EE7C8B94-B76D-47ED-BC50-2BA1B2E65780}
	EndGlobalSection
EndGlobal
