
Microsoft Visual Studio Solution File, Format Version 12.00
# Visual Studio Version 16
VisualStudioVersion = 16.0.33130.400
MinimumVisualStudioVersion = 10.0.40219.1
Project("{FAE04EC0-301F-11D3-BF4B-00C04F79EFBC}") = "1ConvexHull", "1ConvexHull.csproj", "{A708DCC5-D29A-424F-8DC9-A5179D8F8002}"
EndProject
Global
	GlobalSection(SolutionConfigurationPlatforms) = preSolution
		Debug|Any CPU = Debug|Any CPU
		Release|Any CPU = Release|Any CPU
	EndGlobalSection
	GlobalSection(ProjectConfigurationPlatforms) = postSolution
		{A708DCC5-D29A-424F-8DC9-A5179D8F8002}.Debug|Any CPU.ActiveCfg = Debug|Any CPU
		{A708DCC5-D29A-424F-8DC9-A5179D8F8002}.Debug|Any CPU.Build.0 = Debug|Any CPU
		{A708DCC5-D29A-424F-8DC9-A5179D8F8002}.Release|Any CPU.ActiveCfg = Release|Any CPU
		{A708DCC5-D29A-424F-8DC9-A5179D8F8002}.Release|Any CPU.Build.0 = Release|Any CPU
	EndGlobalSection
	GlobalSection(SolutionProperties) = preSolution
		HideSolutionNode = FALSE
	EndGlobalSection
	GlobalSection(ExtensibilityGlobals) = postSolution
		SolutionGuid = {0E3D1A14-C6F3-421B-96AA-51478228ECBD}
	EndGlobalSection
EndGlobal
